
Microsoft Visual Studio Solution File, Format Version 12.00
# Visual Studio Version 16
VisualStudioVersion = 16.0.30621.155
MinimumVisualStudioVersion = 10.0.40219.1
Project("{FAE04EC0-301F-11D3-BF4B-00C04F79EFBC}") = "ValueButtonLib", "ValueButtonLib.csproj", "{1EE01E51-4B6D-4C36-B4F9-B014A7B188FA}"
EndProject
Global
	GlobalSection(SolutionConfigurationPlatforms) = preSolution
		Debug|Any CPU = Debug|Any CPU
		Release|Any CPU = Release|Any CPU
	EndGlobalSection
	GlobalSection(ProjectConfigurationPlatforms) = postSolution
		{1EE01E51-4B6D-4C36-B4F9-B014A7B188FA}.Debug|Any CPU.ActiveCfg = Debug|Any CPU
		{1EE01E51-4B6D-4C36-B4F9-B014A7B188FA}.Debug|Any CPU.Build.0 = Debug|Any CPU
		{1EE01E51-4B6D-4C36-B4F9-B014A7B188FA}.Release|Any CPU.ActiveCfg = Release|Any CPU
		{1EE01E51-4B6D-4C36-B4F9-B014A7B188FA}.Release|Any CPU.Build.0 = Release|Any CPU
	EndGlobalSection
	GlobalSection(SolutionProperties) = preSolution
		HideSolutionNode = FALSE
	EndGlobalSection
	GlobalSection(ExtensibilityGlobals) = postSolution
		SolutionGuid = {9C714195-1BEB-4020-B77C-B0308BEEA3E4}
	EndGlobalSection
EndGlobal
