
Microsoft Visual Studio Solution File, Format Version 12.00
# Visual Studio Version 16
VisualStudioVersion = 16.0.30621.155
MinimumVisualStudioVersion = 10.0.40219.1
Project("{FAE04EC0-301F-11D3-BF4B-00C04F79EFBC}") = "KeyPress", "KeyPress.csproj", "{CA8ECF7F-D740-4D00-B8F2-F4A64E4B4620}"
EndProject
Global
	GlobalSection(SolutionConfigurationPlatforms) = preSolution
		Debug|Any CPU = Debug|Any CPU
		Release|Any CPU = Release|Any CPU
	EndGlobalSection
	GlobalSection(ProjectConfigurationPlatforms) = postSolution
		{CA8ECF7F-D740-4D00-B8F2-F4A64E4B4620}.Debug|Any CPU.ActiveCfg = Debug|Any CPU
		{CA8ECF7F-D740-4D00-B8F2-F4A64E4B4620}.Debug|Any CPU.Build.0 = Debug|Any CPU
		{CA8ECF7F-D740-4D00-B8F2-F4A64E4B4620}.Release|Any CPU.ActiveCfg = Release|Any CPU
		{CA8ECF7F-D740-4D00-B8F2-F4A64E4B4620}.Release|Any CPU.Build.0 = Release|Any CPU
	EndGlobalSection
	GlobalSection(SolutionProperties) = preSolution
		HideSolutionNode = FALSE
	EndGlobalSection
	GlobalSection(ExtensibilityGlobals) = postSolution
		SolutionGuid = {DFE69BB6-0C2C-47B0-A5DF-DD154D8AA69D}
	EndGlobalSection
EndGlobal
