
Microsoft Visual Studio Solution File, Format Version 12.00
# Visual Studio Version 16
VisualStudioVersion = 16.0.30621.155
MinimumVisualStudioVersion = 10.0.40219.1
Project("{FAE04EC0-301F-11D3-BF4B-00C04F79EFBC}") = "WindowsFormsApp2", "WindowsFormsApp2.csproj", "{D4E62A80-3AF0-4530-AD36-0610754EBA2A}"
EndProject
Global
	GlobalSection(SolutionConfigurationPlatforms) = preSolution
		Debug|Any CPU = Debug|Any CPU
		Release|Any CPU = Release|Any CPU
	EndGlobalSection
	GlobalSection(ProjectConfigurationPlatforms) = postSolution
		{D4E62A80-3AF0-4530-AD36-0610754EBA2A}.Debug|Any CPU.ActiveCfg = Debug|Any CPU
		{D4E62A80-3AF0-4530-AD36-0610754EBA2A}.Debug|Any CPU.Build.0 = Debug|Any CPU
		{D4E62A80-3AF0-4530-AD36-0610754EBA2A}.Release|Any CPU.ActiveCfg = Release|Any CPU
		{D4E62A80-3AF0-4530-AD36-0610754EBA2A}.Release|Any CPU.Build.0 = Release|Any CPU
	EndGlobalSection
	GlobalSection(SolutionProperties) = preSolution
		HideSolutionNode = FALSE
	EndGlobalSection
	GlobalSection(ExtensibilityGlobals) = postSolution
		SolutionGuid = {10D7C2F9-99A3-4C4A-9C36-AC4468652663}
	EndGlobalSection
EndGlobal
