
Microsoft Visual Studio Solution File, Format Version 12.00
# Visual Studio Version 16
VisualStudioVersion = 16.0.30621.155
MinimumVisualStudioVersion = 10.0.40219.1
Project("{FAE04EC0-301F-11D3-BF4B-00C04F79EFBC}") = "ConexionBBDD", "ConexionBBDD.csproj", "{6DD5FFF2-1507-4840-9687-67751FEE8C8D}"
EndProject
Global
	GlobalSection(SolutionConfigurationPlatforms) = preSolution
		Debug|Any CPU = Debug|Any CPU
		Release|Any CPU = Release|Any CPU
	EndGlobalSection
	GlobalSection(ProjectConfigurationPlatforms) = postSolution
		{6DD5FFF2-1507-4840-9687-67751FEE8C8D}.Debug|Any CPU.ActiveCfg = Debug|Any CPU
		{6DD5FFF2-1507-4840-9687-67751FEE8C8D}.Debug|Any CPU.Build.0 = Debug|Any CPU
		{6DD5FFF2-1507-4840-9687-67751FEE8C8D}.Release|Any CPU.ActiveCfg = Release|Any CPU
		{6DD5FFF2-1507-4840-9687-67751FEE8C8D}.Release|Any CPU.Build.0 = Release|Any CPU
	EndGlobalSection
	GlobalSection(SolutionProperties) = preSolution
		HideSolutionNode = FALSE
	EndGlobalSection
	GlobalSection(ExtensibilityGlobals) = postSolution
		SolutionGuid = {44F1A8C2-EB46-4E7D-8005-514A9E3BA42D}
	EndGlobalSection
EndGlobal
