
Microsoft Visual Studio Solution File, Format Version 12.00
# Visual Studio Version 16
VisualStudioVersion = 16.0.30621.155
MinimumVisualStudioVersion = 10.0.40219.1
Project("{FAE04EC0-301F-11D3-BF4B-00C04F79EFBC}") = "RellenarTabla", "RellenarTabla.csproj", "{760EB35A-60D6-42E5-AF59-B9996AF4C035}"
EndProject
Global
	GlobalSection(SolutionConfigurationPlatforms) = preSolution
		Debug|Any CPU = Debug|Any CPU
		Release|Any CPU = Release|Any CPU
	EndGlobalSection
	GlobalSection(ProjectConfigurationPlatforms) = postSolution
		{760EB35A-60D6-42E5-AF59-B9996AF4C035}.Debug|Any CPU.ActiveCfg = Debug|Any CPU
		{760EB35A-60D6-42E5-AF59-B9996AF4C035}.Debug|Any CPU.Build.0 = Debug|Any CPU
		{760EB35A-60D6-42E5-AF59-B9996AF4C035}.Release|Any CPU.ActiveCfg = Release|Any CPU
		{760EB35A-60D6-42E5-AF59-B9996AF4C035}.Release|Any CPU.Build.0 = Release|Any CPU
	EndGlobalSection
	GlobalSection(SolutionProperties) = preSolution
		HideSolutionNode = FALSE
	EndGlobalSection
	GlobalSection(ExtensibilityGlobals) = postSolution
		SolutionGuid = {FD0BEB1E-1960-4728-8D0A-82EF605317A9}
	EndGlobalSection
EndGlobal
